// !$*UTF8*$!
{
	archiveVersion = 1;
	classes = {
	};
	objectVersion = 77;
	objects = {

/* Begin PBXBuildFile section */
		37B0ABA82D53E81800DEAFD4 /* FirebaseAuth in Frameworks */ = {isa = PBXBuildFile; productRef = 37B0ABA72D53E81800DEAFD4 /* FirebaseAuth */; };
		37B0ABAA2D53E81800DEAFD4 /* FirebaseCore in Frameworks */ = {isa = PBXBuildFile; productRef = 37B0ABA92D53E81800DEAFD4 /* FirebaseCore */; };
		37B0ABAC2D53E81800DEAFD4 /* FirebaseFirestore in Frameworks */ = {isa = PBXBuildFile; productRef = 37B0ABAB2D53E81800DEAFD4 /* FirebaseFirestore */; };
		D6CFFA232D88F74B0010A586 /* GoogleService-Info.plist in Resources */ = {isa = PBXBuildFile; fileRef = D6CFFA222D88F74B0010A586 /* GoogleService-Info.plist */; };
/* End PBXBuildFile section */

/* Begin PBXContainerItemProxy section */
		D69B09B82D4BC39D009516C1 /* PBXContainerItemProxy */ = {
			isa = PBXContainerItemProxy;
			containerPortal = D69B099F2D4BC39C009516C1 /* Project object */;
			proxyType = 1;
			remoteGlobalIDString = D69B09A62D4BC39C009516C1;
			remoteInfo = BudgetBuddy;
		};
		D69B09C22D4BC39D009516C1 /* PBXContainerItemProxy */ = {
			isa = PBXContainerItemProxy;
			containerPortal = D69B099F2D4BC39C009516C1 /* Project object */;
			proxyType = 1;
			remoteGlobalIDString = D69B09A62D4BC39C009516C1;
			remoteInfo = BudgetBuddy;
		};
/* End PBXContainerItemProxy section */

/* Begin PBXFileReference section */
		D69B09A72D4BC39C009516C1 /* BudgetBuddy.app */ = {isa = PBXFileReference; explicitFileType = wrapper.application; includeInIndex = 0; path = BudgetBuddy.app; sourceTree = BUILT_PRODUCTS_DIR; };
		D69B09B72D4BC39D009516C1 /* BudgetBuddyTests.xctest */ = {isa = PBXFileReference; explicitFileType = wrapper.cfbundle; includeInIndex = 0; path = BudgetBuddyTests.xctest; sourceTree = BUILT_PRODUCTS_DIR; };
		D69B09C12D4BC39D009516C1 /* BudgetBuddyUITests.xctest */ = {isa = PBXFileReference; explicitFileType = wrapper.cfbundle; includeInIndex = 0; path = BudgetBuddyUITests.xctest; sourceTree = BUILT_PRODUCTS_DIR; };
		D6CFFA222D88F74B0010A586 /* GoogleService-Info.plist */ = {isa = PBXFileReference; lastKnownFileType = text.plist.xml; path = "GoogleService-Info.plist"; sourceTree = "<group>"; };
/* End PBXFileReference section */

/* Begin PBXFileSystemSynchronizedBuildFileExceptionSet section */
		37F75E892DAF6B6D005670E7 /* Exceptions for "BudgetBuddy" folder in "BudgetBuddy" target */ = {
			isa = PBXFileSystemSynchronizedBuildFileExceptionSet;
			membershipExceptions = (
				Info.plist,
			);
			target = D69B09A62D4BC39C009516C1 /* BudgetBuddy */;
		};
/* End PBXFileSystemSynchronizedBuildFileExceptionSet section */

/* Begin PBXFileSystemSynchronizedRootGroup section */
		D69B09A92D4BC39C009516C1 /* BudgetBuddy */ = {
			isa = PBXFileSystemSynchronizedRootGroup;
			exceptions = (
				37F75E892DAF6B6D005670E7 /* Exceptions for "BudgetBuddy" folder in "BudgetBuddy" target */,
			);
			path = BudgetBuddy;
			sourceTree = "<group>";
		};
		D69B09BA2D4BC39D009516C1 /* BudgetBuddyTests */ = {
			isa = PBXFileSystemSynchronizedRootGroup;
			path = BudgetBuddyTests;
			sourceTree = "<group>";
		};
		D69B09C42D4BC39D009516C1 /* BudgetBuddyUITests */ = {
			isa = PBXFileSystemSynchronizedRootGroup;
			path = BudgetBuddyUITests;
			sourceTree = "<group>";
		};
/* End PBXFileSystemSynchronizedRootGroup section */

/* Begin PBXFrameworksBuildPhase section */
		D69B09A42D4BC39C009516C1 /* Frameworks */ = {
			isa = PBXFrameworksBuildPhase;
			buildActionMask = 2147483647;
			files = (
				37B0ABAA2D53E81800DEAFD4 /* FirebaseCore in Frameworks */,
				37B0ABA82D53E81800DEAFD4 /* FirebaseAuth in Frameworks */,
				37B0ABAC2D53E81800DEAFD4 /* FirebaseFirestore in Frameworks */,
			);
			runOnlyForDeploymentPostprocessing = 0;
		};
		D69B09B42D4BC39D009516C1 /* Frameworks */ = {
			isa = PBXFrameworksBuildPhase;
			buildActionMask = 2147483647;
			files = (
			);
			runOnlyForDeploymentPostprocessing = 0;
		};
		D69B09BE2D4BC39D009516C1 /* Frameworks */ = {
			isa = PBXFrameworksBuildPhase;
			buildActionMask = 2147483647;
			files = (
			);
			runOnlyForDeploymentPostprocessing = 0;
		};
/* End PBXFrameworksBuildPhase section */

/* Begin PBXGroup section */
		D69B099E2D4BC39C009516C1 = {
			isa = PBXGroup;
			children = (
				D69B09A92D4BC39C009516C1 /* BudgetBuddy */,
				D69B09BA2D4BC39D009516C1 /* BudgetBuddyTests */,
				D69B09C42D4BC39D009516C1 /* BudgetBuddyUITests */,
				D69B09A82D4BC39C009516C1 /* Products */,
				D6CFFA222D88F74B0010A586 /* GoogleService-Info.plist */,
			);
			sourceTree = "<group>";
		};
		D69B09A82D4BC39C009516C1 /* Products */ = {
			isa = PBXGroup;
			children = (
				D69B09A72D4BC39C009516C1 /* BudgetBuddy.app */,
				D69B09B72D4BC39D009516C1 /* BudgetBuddyTests.xctest */,
				D69B09C12D4BC39D009516C1 /* BudgetBuddyUITests.xctest */,
			);
			name = Products;
			sourceTree = "<group>";
		};
/* End PBXGroup section */

/* Begin PBXNativeTarget section */
		D69B09A62D4BC39C009516C1 /* BudgetBuddy */ = {
			isa = PBXNativeTarget;
			buildConfigurationList = D69B09CB2D4BC39D009516C1 /* Build configuration list for PBXNativeTarget "BudgetBuddy" */;
			buildPhases = (
				D69B09A32D4BC39C009516C1 /* Sources */,
				D69B09A42D4BC39C009516C1 /* Frameworks */,
				D69B09A52D4BC39C009516C1 /* Resources */,
			);
			buildRules = (
			);
			dependencies = (
			);
			fileSystemSynchronizedGroups = (
				D69B09A92D4BC39C009516C1 /* BudgetBuddy */,
			);
			name = BudgetBuddy;
			packageProductDependencies = (
				37B0ABA72D53E81800DEAFD4 /* FirebaseAuth */,
				37B0ABA92D53E81800DEAFD4 /* FirebaseCore */,
				37B0ABAB2D53E81800DEAFD4 /* FirebaseFirestore */,
			);
			productName = BudgetBuddy;
			productReference = D69B09A72D4BC39C009516C1 /* BudgetBuddy.app */;
			productType = "com.apple.product-type.application";
		};
		D69B09B62D4BC39D009516C1 /* BudgetBuddyTests */ = {
			isa = PBXNativeTarget;
			buildConfigurationList = D69B09CE2D4BC39D009516C1 /* Build configuration list for PBXNativeTarget "BudgetBuddyTests" */;
			buildPhases = (
				D69B09B32D4BC39D009516C1 /* Sources */,
				D69B09B42D4BC39D009516C1 /* Frameworks */,
				D69B09B52D4BC39D009516C1 /* Resources */,
			);
			buildRules = (
			);
			dependencies = (
				D69B09B92D4BC39D009516C1 /* PBXTargetDependency */,
			);
			fileSystemSynchronizedGroups = (
				D69B09BA2D4BC39D009516C1 /* BudgetBuddyTests */,
			);
			name = BudgetBuddyTests;
			packageProductDependencies = (
			);
			productName = BudgetBuddyTests;
			productReference = D69B09B72D4BC39D009516C1 /* BudgetBuddyTests.xctest */;
			productType = "com.apple.product-type.bundle.unit-test";
		};
		D69B09C02D4BC39D009516C1 /* BudgetBuddyUITests */ = {
			isa = PBXNativeTarget;
			buildConfigurationList = D69B09D12D4BC39D009516C1 /* Build configuration list for PBXNativeTarget "BudgetBuddyUITests" */;
			buildPhases = (
				D69B09BD2D4BC39D009516C1 /* Sources */,
				D69B09BE2D4BC39D009516C1 /* Frameworks */,
				D69B09BF2D4BC39D009516C1 /* Resources */,
			);
			buildRules = (
			);
			dependencies = (
				D69B09C32D4BC39D009516C1 /* PBXTargetDependency */,
			);
			fileSystemSynchronizedGroups = (
				D69B09C42D4BC39D009516C1 /* BudgetBuddyUITests */,
			);
			name = BudgetBuddyUITests;
			packageProductDependencies = (
			);
			productName = BudgetBuddyUITests;
			productReference = D69B09C12D4BC39D009516C1 /* BudgetBuddyUITests.xctest */;
			productType = "com.apple.product-type.bundle.ui-testing";
		};
/* End PBXNativeTarget section */

/* Begin PBXProject section */
		D69B099F2D4BC39C009516C1 /* Project object */ = {
			isa = PBXProject;
			attributes = {
				BuildIndependentTargetsInParallel = 1;
				LastSwiftUpdateCheck = 1620;
				LastUpgradeCheck = 1620;
				TargetAttributes = {
					D69B09A62D4BC39C009516C1 = {
						CreatedOnToolsVersion = 16.2;
					};
					D69B09B62D4BC39D009516C1 = {
						CreatedOnToolsVersion = 16.2;
						TestTargetID = D69B09A62D4BC39C009516C1;
					};
					D69B09C02D4BC39D009516C1 = {
						CreatedOnToolsVersion = 16.2;
						TestTargetID = D69B09A62D4BC39C009516C1;
					};
				};
			};
			buildConfigurationList = D69B09A22D4BC39C009516C1 /* Build configuration list for PBXProject "BudgetBuddy" */;
			developmentRegion = en;
			hasScannedForEncodings = 0;
			knownRegions = (
				en,
				Base,
			);
			mainGroup = D69B099E2D4BC39C009516C1;
			minimizedProjectReferenceProxies = 1;
			packageReferences = (
				37B0ABA62D53E81800DEAFD4 /* XCRemoteSwiftPackageReference "firebase-ios-sdk" */,
			);
			preferredProjectObjectVersion = 77;
			productRefGroup = D69B09A82D4BC39C009516C1 /* Products */;
			projectDirPath = "";
			projectRoot = "";
			targets = (
				D69B09A62D4BC39C009516C1 /* BudgetBuddy */,
				D69B09B62D4BC39D009516C1 /* BudgetBuddyTests */,
				D69B09C02D4BC39D009516C1 /* BudgetBuddyUITests */,
			);
		};
/* End PBXProject section */

/* Begin PBXResourcesBuildPhase section */
		D69B09A52D4BC39C009516C1 /* Resources */ = {
			isa = PBXResourcesBuildPhase;
			buildActionMask = 2147483647;
			files = (
				D6CFFA232D88F74B0010A586 /* GoogleService-Info.plist in Resources */,
			);
			runOnlyForDeploymentPostprocessing = 0;
		};
		D69B09B52D4BC39D009516C1 /* Resources */ = {
			isa = PBXResourcesBuildPhase;
			buildActionMask = 2147483647;
			files = (
			);
			runOnlyForDeploymentPostprocessing = 0;
		};
		D69B09BF2D4BC39D009516C1 /* Resources */ = {
			isa = PBXResourcesBuildPhase;
			buildActionMask = 2147483647;
			files = (
			);
			runOnlyForDeploymentPostprocessing = 0;
		};
/* End PBXResourcesBuildPhase section */

/* Begin PBXSourcesBuildPhase section */
		D69B09A32D4BC39C009516C1 /* Sources */ = {
			isa = PBXSourcesBuildPhase;
			buildActionMask = 2147483647;
			files = (
			);
			runOnlyForDeploymentPostprocessing = 0;
		};
		D69B09B32D4BC39D009516C1 /* Sources */ = {
			isa = PBXSourcesBuildPhase;
			buildActionMask = 2147483647;
			files = (
			);
			runOnlyForDeploymentPostprocessing = 0;
		};
		D69B09BD2D4BC39D009516C1 /* Sources */ = {
			isa = PBXSourcesBuildPhase;
			buildActionMask = 2147483647;
			files = (
			);
			runOnlyForDeploymentPostprocessing = 0;
		};
/* End PBXSourcesBuildPhase section */

/* Begin PBXTargetDependency section */
		D69B09B92D4BC39D009516C1 /* PBXTargetDependency */ = {
			isa = PBXTargetDependency;
			target = D69B09A62D4BC39C009516C1 /* BudgetBuddy */;
			targetProxy = D69B09B82D4BC39D009516C1 /* PBXContainerItemProxy */;
		};
		D69B09C32D4BC39D009516C1 /* PBXTargetDependency */ = {
			isa = PBXTargetDependency;
			target = D69B09A62D4BC39C009516C1 /* BudgetBuddy */;
			targetProxy = D69B09C22D4BC39D009516C1 /* PBXContainerItemProxy */;
		};
/* End PBXTargetDependency section */

/* Begin XCBuildConfiguration section */
		D69B09C92D4BC39D009516C1 /* Debug */ = {
			isa = XCBuildConfiguration;
			buildSettings = {
				ALWAYS_SEARCH_USER_PATHS = NO;
				ASSETCATALOG_COMPILER_GENERATE_SWIFT_ASSET_SYMBOL_EXTENSIONS = YES;
				CLANG_ANALYZER_NONNULL = YES;
				CLANG_ANALYZER_NUMBER_OBJECT_CONVERSION = YES_AGGRESSIVE;
				CLANG_CXX_LANGUAGE_STANDARD = "gnu++20";
				CLANG_ENABLE_MODULES = YES;
				CLANG_ENABLE_OBJC_ARC = YES;
				CLANG_ENABLE_OBJC_WEAK = YES;
				CLANG_WARN_BLOCK_CAPTURE_AUTORELEASING = YES;
				CLANG_WARN_BOOL_CONVERSION = YES;
				CLANG_WARN_COMMA = YES;
				CLANG_WARN_CONSTANT_CONVERSION = YES;
				CLANG_WARN_DEPRECATED_OBJC_IMPLEMENTATIONS = YES;
				CLANG_WARN_DIRECT_OBJC_ISA_USAGE = YES_ERROR;
				CLANG_WARN_DOCUMENTATION_COMMENTS = YES;
				CLANG_WARN_EMPTY_BODY = YES;
				CLANG_WARN_ENUM_CONVERSION = YES;
				CLANG_WARN_INFINITE_RECURSION = YES;
				CLANG_WARN_INT_CONVERSION = YES;
				CLANG_WARN_NON_LITERAL_NULL_CONVERSION = YES;
				CLANG_WARN_OBJC_IMPLICIT_RETAIN_SELF = YES;
				CLANG_WARN_OBJC_LITERAL_CONVERSION = YES;
				CLANG_WARN_OBJC_ROOT_CLASS = YES_ERROR;
				CLANG_WARN_QUOTED_INCLUDE_IN_FRAMEWORK_HEADER = YES;
				CLANG_WARN_RANGE_LOOP_ANALYSIS = YES;
				CLANG_WARN_STRICT_PROTOTYPES = YES;
				CLANG_WARN_SUSPICIOUS_MOVE = YES;
				CLANG_WARN_UNGUARDED_AVAILABILITY = YES_AGGRESSIVE;
				CLANG_WARN_UNREACHABLE_CODE = YES;
				CLANG_WARN__DUPLICATE_METHOD_MATCH = YES;
				COPY_PHASE_STRIP = NO;
				DEBUG_INFORMATION_FORMAT = dwarf;
				ENABLE_STRICT_OBJC_MSGSEND = YES;
				ENABLE_TESTABILITY = YES;
				ENABLE_USER_SCRIPT_SANDBOXING = YES;
				GCC_C_LANGUAGE_STANDARD = gnu17;
				GCC_DYNAMIC_NO_PIC = NO;
				GCC_NO_COMMON_BLOCKS = YES;
				GCC_OPTIMIZATION_LEVEL = 0;
				GCC_PREPROCESSOR_DEFINITIONS = (
					"DEBUG=1",
					"$(inherited)",
				);
				GCC_WARN_64_TO_32_BIT_CONVERSION = YES;
				GCC_WARN_ABOUT_RETURN_TYPE = YES_ERROR;
				GCC_WARN_UNDECLARED_SELECTOR = YES;
				GCC_WARN_UNINITIALIZED_AUTOS = YES_AGGRESSIVE;
				GCC_WARN_UNUSED_FUNCTION = YES;
				GCC_WARN_UNUSED_VARIABLE = YES;
				IPHONEOS_DEPLOYMENT_TARGET = 18.2;
				LOCALIZATION_PREFERS_STRING_CATALOGS = YES;
				MTL_ENABLE_DEBUG_INFO = INCLUDE_SOURCE;
				MTL_FAST_MATH = YES;
				ONLY_ACTIVE_ARCH = YES;
				SDKROOT = iphoneos;
				SWIFT_ACTIVE_COMPILATION_CONDITIONS = "DEBUG $(inherited)";
				SWIFT_OPTIMIZATION_LEVEL = "-Onone";
			};
			name = Debug;
		};
		D69B09CA2D4BC39D009516C1 /* Release */ = {
			isa = XCBuildConfiguration;
			buildSettings = {
				ALWAYS_SEARCH_USER_PATHS = NO;
				ASSETCATALOG_COMPILER_GENERATE_SWIFT_ASSET_SYMBOL_EXTENSIONS = YES;
				CLANG_ANALYZER_NONNULL = YES;
				CLANG_ANALYZER_NUMBER_OBJECT_CONVERSION = YES_AGGRESSIVE;
				CLANG_CXX_LANGUAGE_STANDARD = "gnu++20";
				CLANG_ENABLE_MODULES = YES;
				CLANG_ENABLE_OBJC_ARC = YES;
				CLANG_ENABLE_OBJC_WEAK = YES;
				CLANG_WARN_BLOCK_CAPTURE_AUTORELEASING = YES;
				CLANG_WARN_BOOL_CONVERSION = YES;
				CLANG_WARN_COMMA = YES;
				CLANG_WARN_CONSTANT_CONVERSION = YES;
				CLANG_WARN_DEPRECATED_OBJC_IMPLEMENTATIONS = YES;
				CLANG_WARN_DIRECT_OBJC_ISA_USAGE = YES_ERROR;
				CLANG_WARN_DOCUMENTATION_COMMENTS = YES;
				CLANG_WARN_EMPTY_BODY = YES;
				CLANG_WARN_ENUM_CONVERSION = YES;
				CLANG_WARN_INFINITE_RECURSION = YES;
				CLANG_WARN_INT_CONVERSION = YES;
				CLANG_WARN_NON_LITERAL_NULL_CONVERSION = YES;
				CLANG_WARN_OBJC_IMPLICIT_RETAIN_SELF = YES;
				CLANG_WARN_OBJC_LITERAL_CONVERSION = YES;
				CLANG_WARN_OBJC_ROOT_CLASS = YES_ERROR;
				CLANG_WARN_QUOTED_INCLUDE_IN_FRAMEWORK_HEADER = YES;
				CLANG_WARN_RANGE_LOOP_ANALYSIS = YES;
				CLANG_WARN_STRICT_PROTOTYPES = YES;
				CLANG_WARN_SUSPICIOUS_MOVE = YES;
				CLANG_WARN_UNGUARDED_AVAILABILITY = YES_AGGRESSIVE;
				CLANG_WARN_UNREACHABLE_CODE = YES;
				CLANG_WARN__DUPLICATE_METHOD_MATCH = YES;
				COPY_PHASE_STRIP = NO;
				DEBUG_INFORMATION_FORMAT = "dwarf-with-dsym";
				ENABLE_NS_ASSERTIONS = NO;
				ENABLE_STRICT_OBJC_MSGSEND = YES;
				ENABLE_USER_SCRIPT_SANDBOXING = YES;
				GCC_C_LANGUAGE_STANDARD = gnu17;
				GCC_NO_COMMON_BLOCKS = YES;
				GCC_WARN_64_TO_32_BIT_CONVERSION = YES;
				GCC_WARN_ABOUT_RETURN_TYPE = YES_ERROR;
				GCC_WARN_UNDECLARED_SELECTOR = YES;
				GCC_WARN_UNINITIALIZED_AUTOS = YES_AGGRESSIVE;
				GCC_WARN_UNUSED_FUNCTION = YES;
				GCC_WARN_UNUSED_VARIABLE = YES;
				IPHONEOS_DEPLOYMENT_TARGET = 18.2;
				LOCALIZATION_PREFERS_STRING_CATALOGS = YES;
				MTL_ENABLE_DEBUG_INFO = NO;
				MTL_FAST_MATH = YES;
				SDKROOT = iphoneos;
				SWIFT_COMPILATION_MODE = wholemodule;
				VALIDATE_PRODUCT = YES;
			};
			name = Release;
		};
		D69B09CC2D4BC39D009516C1 /* Debug */ = {
			isa = XCBuildConfiguration;
			buildSettings = {
				ASSETCATALOG_COMPILER_APPICON_NAME = AppIcon;
				ASSETCATALOG_COMPILER_GLOBAL_ACCENT_COLOR_NAME = AccentColor;
				CODE_SIGN_STYLE = Automatic;
				CURRENT_PROJECT_VERSION = 1;
				DEVELOPMENT_ASSET_PATHS = "\"BudgetBuddy/Preview Content\"";
				ENABLE_PREVIEWS = YES;
				GENERATE_INFOPLIST_FILE = YES;
				INFOPLIST_FILE = BudgetBuddy/Info.plist;
				INFOPLIST_KEY_UIApplicationSceneManifest_Generation = YES;
				INFOPLIST_KEY_UIApplicationSupportsIndirectInputEvents = YES;
				INFOPLIST_KEY_UISupportedInterfaceOrientations_iPad = "UIInterfaceOrientationPortrait UIInterfaceOrientationPortraitUpsideDown UIInterfaceOrientationLandscapeLeft UIInterfaceOrientationLandscapeRight";
				INFOPLIST_KEY_UISupportedInterfaceOrientations_iPhone = "UIInterfaceOrientationPortrait UIInterfaceOrientationLandscapeLeft UIInterfaceOrientationLandscapeRight";
				LD_RUNPATH_SEARCH_PATHS = (
					"$(inherited)",
					"@executable_path/Frameworks",
				);
				MARKETING_VERSION = 1.0;
				PRODUCT_BUNDLE_IDENTIFIER = AlenaMiguel.BudgetBuddy;
				PRODUCT_NAME = "$(TARGET_NAME)";
				SWIFT_EMIT_LOC_STRINGS = YES;
				SWIFT_VERSION = 5.0;
				TARGETED_DEVICE_FAMILY = "1,2";
			};
			name = Debug;
		};
		D69B09CD2D4BC39D009516C1 /* Release */ = {
			isa = XCBuildConfiguration;
			buildSettings = {
				ASSETCATALOG_COMPILER_APPICON_NAME = AppIcon;
				ASSETCATALOG_COMPILER_GLOBAL_ACCENT_COLOR_NAME = AccentColor;
				CODE_SIGN_STYLE = Automatic;
				CURRENT_PROJECT_VERSION = 1;
				DEVELOPMENT_ASSET_PATHS = "\"BudgetBuddy/Preview Content\"";
				ENABLE_PREVIEWS = YES;
				GENERATE_INFOPLIST_FILE = YES;
				INFOPLIST_FILE = BudgetBuddy/Info.plist;
				INFOPLIST_KEY_UIApplicationSceneManifest_Generation = YES;
				INFOPLIST_KEY_UIApplicationSupportsIndirectInputEvents = YES;
				INFOPLIST_KEY_UISupportedInterfaceOrientations_iPad = "UIInterfaceOrientationPortrait UIInterfaceOrientationPortraitUpsideDown UIInterfaceOrientationLandscapeLeft UIInterfaceOrientationLandscapeRight";
				INFOPLIST_KEY_UISupportedInterfaceOrientations_iPhone = "UIInterfaceOrientationPortrait UIInterfaceOrientationLandscapeLeft UIInterfaceOrientationLandscapeRight";
				LD_RUNPATH_SEARCH_PATHS = (
					"$(inherited)",
					"@executable_path/Frameworks",
				);
				MARKETING_VERSION = 1.0;
				PRODUCT_BUNDLE_IDENTIFIER = AlenaMiguel.BudgetBuddy;
				PRODUCT_NAME = "$(TARGET_NAME)";
				SWIFT_EMIT_LOC_STRINGS = YES;
				SWIFT_VERSION = 5.0;
				TARGETED_DEVICE_FAMILY = "1,2";
			};
			name = Release;
		};
		D69B09CF2D4BC39D009516C1 /* Debug */ = {
			isa = XCBuildConfiguration;
			buildSettings = {
				BUNDLE_LOADER = "$(TEST_HOST)";
				CODE_SIGN_STYLE = Automatic;
				CURRENT_PROJECT_VERSION = 1;
				GENERATE_INFOPLIST_FILE = YES;
				IPHONEOS_DEPLOYMENT_TARGET = 18.2;
				MARKETING_VERSION = 1.0;
				PRODUCT_BUNDLE_IDENTIFIER = AlenaMiguel.BudgetBuddyTests;
				PRODUCT_NAME = "$(TARGET_NAME)";
				SWIFT_EMIT_LOC_STRINGS = NO;
				SWIFT_VERSION = 5.0;
				TARGETED_DEVICE_FAMILY = "1,2";
				TEST_HOST = "$(BUILT_PRODUCTS_DIR)/BudgetBuddy.app/$(BUNDLE_EXECUTABLE_FOLDER_PATH)/BudgetBuddy";
			};
			name = Debug;
		};
		D69B09D02D4BC39D009516C1 /* Release */ = {
			isa = XCBuildConfiguration;
			buildSettings = {
				BUNDLE_LOADER = "$(TEST_HOST)";
				CODE_SIGN_STYLE = Automatic;
				CURRENT_PROJECT_VERSION = 1;
				GENERATE_INFOPLIST_FILE = YES;
				IPHONEOS_DEPLOYMENT_TARGET = 18.2;
				MARKETING_VERSION = 1.0;
				PRODUCT_BUNDLE_IDENTIFIER = AlenaMiguel.BudgetBuddyTests;
				PRODUCT_NAME = "$(TARGET_NAME)";
				SWIFT_EMIT_LOC_STRINGS = NO;
				SWIFT_VERSION = 5.0;
				TARGETED_DEVICE_FAMILY = "1,2";
				TEST_HOST = "$(BUILT_PRODUCTS_DIR)/BudgetBuddy.app/$(BUNDLE_EXECUTABLE_FOLDER_PATH)/BudgetBuddy";
			};
			name = Release;
		};
		D69B09D22D4BC39D009516C1 /* Debug */ = {
			isa = XCBuildConfiguration;
			buildSettings = {
				CODE_SIGN_STYLE = Automatic;
				CURRENT_PROJECT_VERSION = 1;
				GENERATE_INFOPLIST_FILE = YES;
				MARKETING_VERSION = 1.0;
				PRODUCT_BUNDLE_IDENTIFIER = AlenaMiguel.BudgetBuddyUITests;
				PRODUCT_NAME = "$(TARGET_NAME)";
				SWIFT_EMIT_LOC_STRINGS = NO;
				SWIFT_VERSION = 5.0;
				TARGETED_DEVICE_FAMILY = "1,2";
				TEST_TARGET_NAME = BudgetBuddy;
			};
			name = Debug;
		};
		D69B09D32D4BC39D009516C1 /* Release */ = {
			isa = XCBuildConfiguration;
			buildSettings = {
				CODE_SIGN_STYLE = Automatic;
				CURRENT_PROJECT_VERSION = 1;
				GENERATE_INFOPLIST_FILE = YES;
				MARKETING_VERSION = 1.0;
				PRODUCT_BUNDLE_IDENTIFIER = AlenaMiguel.BudgetBuddyUITests;
				PRODUCT_NAME = "$(TARGET_NAME)";
				SWIFT_EMIT_LOC_STRINGS = NO;
				SWIFT_VERSION = 5.0;
				TARGETED_DEVICE_FAMILY = "1,2";
				TEST_TARGET_NAME = BudgetBuddy;
			};
			name = Release;
		};
/* End XCBuildConfiguration section */

/* Begin XCConfigurationList section */
		D69B09A22D4BC39C009516C1 /* Build configuration list for PBXProject "BudgetBuddy" */ = {
			isa = XCConfigurationList;
			buildConfigurations = (
				D69B09C92D4BC39D009516C1 /* Debug */,
				D69B09CA2D4BC39D009516C1 /* Release */,
			);
			defaultConfigurationIsVisible = 0;
			defaultConfigurationName = Release;
		};
		D69B09CB2D4BC39D009516C1 /* Build configuration list for PBXNativeTarget "BudgetBuddy" */ = {
			isa = XCConfigurationList;
			buildConfigurations = (
				D69B09CC2D4BC39D009516C1 /* Debug */,
				D69B09CD2D4BC39D009516C1 /* Release */,
			);
			defaultConfigurationIsVisible = 0;
			defaultConfigurationName = Release;
		};
		D69B09CE2D4BC39D009516C1 /* Build configuration list for PBXNativeTarget "BudgetBuddyTests" */ = {
			isa = XCConfigurationList;
			buildConfigurations = (
				D69B09CF2D4BC39D009516C1 /* Debug */,
				D69B09D02D4BC39D009516C1 /* Release */,
			);
			defaultConfigurationIsVisible = 0;
			defaultConfigurationName = Release;
		};
		D69B09D12D4BC39D009516C1 /* Build configuration list for PBXNativeTarget "BudgetBuddyUITests" */ = {
			isa = XCConfigurationList;
			buildConfigurations = (
				D69B09D22D4BC39D009516C1 /* Debug */,
				D69B09D32D4BC39D009516C1 /* Release */,
			);
			defaultConfigurationIsVisible = 0;
			defaultConfigurationName = Release;
		};
/* End XCConfigurationList section */

/* Begin XCRemoteSwiftPackageReference section */
		37B0ABA62D53E81800DEAFD4 /* XCRemoteSwiftPackageReference "firebase-ios-sdk" */ = {
			isa = XCRemoteSwiftPackageReference;
			repositoryURL = "https://github.com/firebase/firebase-ios-sdk";
			requirement = {
				kind = upToNextMajorVersion;
				minimumVersion = 11.8.1;
			};
		};
/* End XCRemoteSwiftPackageReference section */

/* Begin XCSwiftPackageProductDependency section */
		37B0ABA72D53E81800DEAFD4 /* FirebaseAuth */ = {
			isa = XCSwiftPackageProductDependency;
			package = 37B0ABA62D53E81800DEAFD4 /* XCRemoteSwiftPackageReference "firebase-ios-sdk" */;
			productName = FirebaseAuth;
		};
		37B0ABA92D53E81800DEAFD4 /* FirebaseCore */ = {
			isa = XCSwiftPackageProductDependency;
			package = 37B0ABA62D53E81800DEAFD4 /* XCRemoteSwiftPackageReference "firebase-ios-sdk" */;
			productName = FirebaseCore;
		};
		37B0ABAB2D53E81800DEAFD4 /* FirebaseFirestore */ = {
			isa = XCSwiftPackageProductDependency;
			package = 37B0ABA62D53E81800DEAFD4 /* XCRemoteSwiftPackageReference "firebase-ios-sdk" */;
			productName = FirebaseFirestore;
		};
/* End XCSwiftPackageProductDependency section */
	};
	rootObject = D69B099F2D4BC39C009516C1 /* Project object */;
}
